
Microsoft Visual Studio Solution File, Format Version 12.00
# Visual Studio Version 17
VisualStudioVersion = 17.10.35027.167
MinimumVisualStudioVersion = 10.0.40219.1
Project("{FAE04EC0-301F-11D3-BF4B-00C04F79EFBC}") = "BookManagementSystemwithDapper", "BookManagementSystemwithDapper.csproj", "{B0BA0AC5-8905-4177-AB58-82DB495DA5DF}"
EndProject
Global
	GlobalSection(SolutionConfigurationPlatforms) = preSolution
		Debug|Any CPU = Debug|Any CPU
		Release|Any CPU = Release|Any CPU
	EndGlobalSection
	GlobalSection(ProjectConfigurationPlatforms) = postSolution
		{B0BA0AC5-8905-4177-AB58-82DB495DA5DF}.Debug|Any CPU.ActiveCfg = Debug|Any CPU
		{B0BA0AC5-8905-4177-AB58-82DB495DA5DF}.Debug|Any CPU.Build.0 = Debug|Any CPU
		{B0BA0AC5-8905-4177-AB58-82DB495DA5DF}.Release|Any CPU.ActiveCfg = Release|Any CPU
		{B0BA0AC5-8905-4177-AB58-82DB495DA5DF}.Release|Any CPU.Build.0 = Release|Any CPU
	EndGlobalSection
	GlobalSection(SolutionProperties) = preSolution
		HideSolutionNode = FALSE
	EndGlobalSection
	GlobalSection(ExtensibilityGlobals) = postSolution
		SolutionGuid = {FDA40543-EE09-4E5A-845E-FBEE1E02E83B}
	EndGlobalSection
EndGlobal
